
Microsoft Visual Studio Solution File, Format Version 12.00
# Visual Studio 15
Project("{FAE04EC0-301F-11D3-BF4B-00C04F79EFBC}") = "TheButlerandGordon.Android", "TheButlerandGordon.Android\TheButlerandGordon.Android.csproj", "{F2B0D74D-499D-4222-86F0-810F4ED3EF18}"
EndProject
Project("{FAE04EC0-301F-11D3-BF4B-00C04F79EFBC}") = "TheButlerandGordon.iOS", "TheButlerandGordon.iOS\TheButlerandGordon.iOS.csproj", "{33B49EFC-8DB6-4A8E-B3E6-A7C8D2446948}"
EndProject
Project("{FAE04EC0-301F-11D3-BF4B-00C04F79EFBC}") = "TheButlerandGordon", "TheButlerandGordon\TheButlerandGordon.csproj", "{1F639839-790E-4C63-9614-F2D391A433B4}"
EndProject
Global
	GlobalSection(SolutionConfigurationPlatforms) = preSolution
		Debug|Any CPU = Debug|Any CPU
		Release|Any CPU = Release|Any CPU
		Debug|iPhoneSimulator = Debug|iPhoneSimulator
		Release|iPhoneSimulator = Release|iPhoneSimulator
		Debug|iPhone = Debug|iPhone
		Release|iPhone = Release|iPhone
		Ad-Hoc|iPhone = Ad-Hoc|iPhone
		AppStore|iPhone = AppStore|iPhone
	EndGlobalSection
	GlobalSection(ProjectConfigurationPlatforms) = postSolution
		{F2B0D74D-499D-4222-86F0-810F4ED3EF18}.Debug|Any CPU.ActiveCfg = Debug|Any CPU
		{F2B0D74D-499D-4222-86F0-810F4ED3EF18}.Debug|Any CPU.Build.0 = Debug|Any CPU
		{F2B0D74D-499D-4222-86F0-810F4ED3EF18}.Release|Any CPU.ActiveCfg = Release|Any CPU
		{F2B0D74D-499D-4222-86F0-810F4ED3EF18}.Release|Any CPU.Build.0 = Release|Any CPU
		{F2B0D74D-499D-4222-86F0-810F4ED3EF18}.Debug|iPhoneSimulator.ActiveCfg = Debug|Any CPU
		{F2B0D74D-499D-4222-86F0-810F4ED3EF18}.Debug|iPhoneSimulator.Build.0 = Debug|Any CPU
		{F2B0D74D-499D-4222-86F0-810F4ED3EF18}.Release|iPhoneSimulator.ActiveCfg = Release|Any CPU
		{F2B0D74D-499D-4222-86F0-810F4ED3EF18}.Release|iPhoneSimulator.Build.0 = Release|Any CPU
		{F2B0D74D-499D-4222-86F0-810F4ED3EF18}.Debug|iPhone.ActiveCfg = Debug|Any CPU
		{F2B0D74D-499D-4222-86F0-810F4ED3EF18}.Debug|iPhone.Build.0 = Debug|Any CPU
		{F2B0D74D-499D-4222-86F0-810F4ED3EF18}.Release|iPhone.ActiveCfg = Release|Any CPU
		{F2B0D74D-499D-4222-86F0-810F4ED3EF18}.Release|iPhone.Build.0 = Release|Any CPU
		{F2B0D74D-499D-4222-86F0-810F4ED3EF18}.Ad-Hoc|iPhone.ActiveCfg = Debug|Any CPU
		{F2B0D74D-499D-4222-86F0-810F4ED3EF18}.Ad-Hoc|iPhone.Build.0 = Debug|Any CPU
		{F2B0D74D-499D-4222-86F0-810F4ED3EF18}.AppStore|iPhone.ActiveCfg = Debug|Any CPU
		{F2B0D74D-499D-4222-86F0-810F4ED3EF18}.AppStore|iPhone.Build.0 = Debug|Any CPU
		{33B49EFC-8DB6-4A8E-B3E6-A7C8D2446948}.Debug|Any CPU.ActiveCfg = Debug|iPhoneSimulator
		{33B49EFC-8DB6-4A8E-B3E6-A7C8D2446948}.Debug|Any CPU.Build.0 = Debug|iPhoneSimulator
		{33B49EFC-8DB6-4A8E-B3E6-A7C8D2446948}.Release|Any CPU.ActiveCfg = Release|iPhoneSimulator
		{33B49EFC-8DB6-4A8E-B3E6-A7C8D2446948}.Release|Any CPU.Build.0 = Release|iPhoneSimulator
		{33B49EFC-8DB6-4A8E-B3E6-A7C8D2446948}.Debug|iPhoneSimulator.ActiveCfg = Debug|iPhoneSimulator
		{33B49EFC-8DB6-4A8E-B3E6-A7C8D2446948}.Debug|iPhoneSimulator.Build.0 = Debug|iPhoneSimulator
		{33B49EFC-8DB6-4A8E-B3E6-A7C8D2446948}.Release|iPhoneSimulator.ActiveCfg = Release|iPhoneSimulator
		{33B49EFC-8DB6-4A8E-B3E6-A7C8D2446948}.Release|iPhoneSimulator.Build.0 = Release|iPhoneSimulator
		{33B49EFC-8DB6-4A8E-B3E6-A7C8D2446948}.Debug|iPhone.ActiveCfg = Debug|iPhone
		{33B49EFC-8DB6-4A8E-B3E6-A7C8D2446948}.Debug|iPhone.Build.0 = Debug|iPhone
		{33B49EFC-8DB6-4A8E-B3E6-A7C8D2446948}.Release|iPhone.ActiveCfg = Release|iPhone
		{33B49EFC-8DB6-4A8E-B3E6-A7C8D2446948}.Release|iPhone.Build.0 = Release|iPhone
		{33B49EFC-8DB6-4A8E-B3E6-A7C8D2446948}.Ad-Hoc|iPhone.ActiveCfg = Ad-Hoc|iPhone
		{33B49EFC-8DB6-4A8E-B3E6-A7C8D2446948}.Ad-Hoc|iPhone.Build.0 = Ad-Hoc|iPhone
		{33B49EFC-8DB6-4A8E-B3E6-A7C8D2446948}.AppStore|iPhone.ActiveCfg = AppStore|iPhone
		{33B49EFC-8DB6-4A8E-B3E6-A7C8D2446948}.AppStore|iPhone.Build.0 = AppStore|iPhone
		{1F639839-790E-4C63-9614-F2D391A433B4}.Debug|Any CPU.ActiveCfg = Debug|Any CPU
		{1F639839-790E-4C63-9614-F2D391A433B4}.Debug|Any CPU.Build.0 = Debug|Any CPU
		{1F639839-790E-4C63-9614-F2D391A433B4}.Release|Any CPU.ActiveCfg = Release|Any CPU
		{1F639839-790E-4C63-9614-F2D391A433B4}.Release|Any CPU.Build.0 = Release|Any CPU
		{1F639839-790E-4C63-9614-F2D391A433B4}.Debug|iPhoneSimulator.ActiveCfg = Debug|Any CPU
		{1F639839-790E-4C63-9614-F2D391A433B4}.Debug|iPhoneSimulator.Build.0 = Debug|Any CPU
		{1F639839-790E-4C63-9614-F2D391A433B4}.Release|iPhoneSimulator.ActiveCfg = Release|Any CPU
		{1F639839-790E-4C63-9614-F2D391A433B4}.Release|iPhoneSimulator.Build.0 = Release|Any CPU
		{1F639839-790E-4C63-9614-F2D391A433B4}.Debug|iPhone.ActiveCfg = Debug|Any CPU
		{1F639839-790E-4C63-9614-F2D391A433B4}.Debug|iPhone.Build.0 = Debug|Any CPU
		{1F639839-790E-4C63-9614-F2D391A433B4}.Release|iPhone.ActiveCfg = Release|Any CPU
		{1F639839-790E-4C63-9614-F2D391A433B4}.Release|iPhone.Build.0 = Release|Any CPU
		{1F639839-790E-4C63-9614-F2D391A433B4}.Ad-Hoc|iPhone.ActiveCfg = Debug|Any CPU
		{1F639839-790E-4C63-9614-F2D391A433B4}.Ad-Hoc|iPhone.Build.0 = Debug|Any CPU
		{1F639839-790E-4C63-9614-F2D391A433B4}.AppStore|iPhone.ActiveCfg = Debug|Any CPU
		{1F639839-790E-4C63-9614-F2D391A433B4}.AppStore|iPhone.Build.0 = Debug|Any CPU
	EndGlobalSection
EndGlobal
